// !$*UTF8*$!
{
	archiveVersion = 1;
	classes = {
	};
	objectVersion = 46;
	objects = {

/* Begin PBXBuildFile section */
		2C6EA2AC1D7D290E00BC1979 /* AppDelegate.swift in Sources */ = {isa = PBXBuildFile; fileRef = 2C6EA2AB1D7D290D00BC1979 /* AppDelegate.swift */; };
		2C6EA2AE1D7D290E00BC1979 /* ViewController.swift in Sources */ = {isa = PBXBuildFile; fileRef = 2C6EA2AD1D7D290E00BC1979 /* ViewController.swift */; };
		2C6EA2B11D7D290E00BC1979 /* Main.storyboard in Resources */ = {isa = PBXBuildFile; fileRef = 2C6EA2AF1D7D290E00BC1979 /* Main.storyboard */; };
		2C6EA2B31D7D290E00BC1979 /* Assets.xcassets in Resources */ = {isa = PBXBuildFile; fileRef = 2C6EA2B21D7D290E00BC1979 /* Assets.xcassets */; };
		2C6EA2B61D7D290E00BC1979 /* LaunchScreen.storyboard in Resources */ = {isa = PBXBuildFile; fileRef = 2C6EA2B41D7D290E00BC1979 /* LaunchScreen.storyboard */; };
/* End PBXBuildFile section */

/* Begin PBXFileReference section */
		2C6EA2A81D7D290D00BC1979 /* CapturePopAction.app */ = {isa = PBXFileReference; explicitFileType = wrapper.application; includeInIndex = 0; path = CapturePopAction.app; sourceTree = BUILT_PRODUCTS_DIR; };
		2C6EA2AB1D7D290D00BC1979 /* AppDelegate.swift */ = {isa = PBXFileReference; lastKnownFileType = sourcecode.swift; path = AppDelegate.swift; sourceTree = "<group>"; };
		2C6EA2AD1D7D290E00BC1979 /* ViewController.swift */ = {isa = PBXFileReference; lastKnownFileType = sourcecode.swift; path = ViewController.swift; sourceTree = "<group>"; };
		2C6EA2B01D7D290E00BC1979 /* Base */ = {isa = PBXFileReference; lastKnownFileType = file.storyboard; name = Base; path = Base.lproj/Main.storyboard; sourceTree = "<group>"; };
		2C6EA2B21D7D290E00BC1979 /* Assets.xcassets */ = {isa = PBXFileReference; lastKnownFileType = folder.assetcatalog; path = Assets.xcassets; sourceTree = "<group>"; };
		2C6EA2B51D7D290E00BC1979 /* Base */ = {isa = PBXFileReference; lastKnownFileType = file.storyboard; name = Base; path = Base.lproj/LaunchScreen.storyboard; sourceTree = "<group>"; };
		2C6EA2B71D7D290E00BC1979 /* Info.plist */ = {isa = PBXFileReference; lastKnownFileType = text.plist.xml; path = Info.plist; sourceTree = "<group>"; };
/* End PBXFileReference section */

/* Begin PBXFrameworksBuildPhase section */
		2C6EA2A51D7D290D00BC1979 /* Frameworks */ = {
			isa = PBXFrameworksBuildPhase;
			buildActionMask = 2147483647;
			files = (
			);
			runOnlyForDeploymentPostprocessing = 0;
		};
/* End PBXFrameworksBuildPhase section */

/* Begin PBXGroup section */
		2C6EA29F1D7D290D00BC1979 = {
			isa = PBXGroup;
			children = (
				2C6EA2AA1D7D290D00BC1979 /* CapturePopAction */,
				2C6EA2A91D7D290D00BC1979 /* Products */,
			);
			sourceTree = "<group>";
		};
		2C6EA2A91D7D290D00BC1979 /* Products */ = {
			isa = PBXGroup;
			children = (
				2C6EA2A81D7D290D00BC1979 /* CapturePopAction.app */,
			);
			name = Products;
			sourceTree = "<group>";
		};
		2C6EA2AA1D7D290D00BC1979 /* CapturePopAction */ = {
			isa = PBXGroup;
			children = (
				2C6EA2AB1D7D290D00BC1979 /* AppDelegate.swift */,
				2C6EA2AD1D7D290E00BC1979 /* ViewController.swift */,
				2C6EA2AF1D7D290E00BC1979 /* Main.storyboard */,
				2C6EA2B21D7D290E00BC1979 /* Assets.xcassets */,
				2C6EA2B41D7D290E00BC1979 /* LaunchScreen.storyboard */,
				2C6EA2B71D7D290E00BC1979 /* Info.plist */,
			);
			path = CapturePopAction;
			sourceTree = "<group>";
		};
/* End PBXGroup section */

/* Begin PBXNativeTarget section */
		2C6EA2A71D7D290D00BC1979 /* CapturePopAction */ = {
			isa = PBXNativeTarget;
			buildConfigurationList = 2C6EA2BA1D7D290E00BC1979 /* Build configuration list for PBXNativeTarget "CapturePopAction" */;
			buildPhases = (
				2C6EA2A41D7D290D00BC1979 /* Sources */,
				2C6EA2A51D7D290D00BC1979 /* Frameworks */,
				2C6EA2A61D7D290D00BC1979 /* Resources */,
			);
			buildRules = (
			);
			dependencies = (
			);
			name = CapturePopAction;
			productName = CapturePopAction;
			productReference = 2C6EA2A81D7D290D00BC1979 /* CapturePopAction.app */;
			productType = "com.apple.product-type.application";
		};
/* End PBXNativeTarget section */

/* Begin PBXProject section */
		2C6EA2A01D7D290D00BC1979 /* Project object */ = {
			isa = PBXProject;
			attributes = {
				LastSwiftUpdateCheck = 0730;
				LastUpgradeCheck = 0730;
				ORGANIZATIONNAME = heronlyj;
				TargetAttributes = {
					2C6EA2A71D7D290D00BC1979 = {
						CreatedOnToolsVersion = 7.3.1;
					};
				};
			};
			buildConfigurationList = 2C6EA2A31D7D290D00BC1979 /* Build configuration list for PBXProject "CapturePopAction" */;
			compatibilityVersion = "Xcode 3.2";
			developmentRegion = English;
			hasScannedForEncodings = 0;
			knownRegions = (
				en,
				Base,
			);
			mainGroup = 2C6EA29F1D7D290D00BC1979;
			productRefGroup = 2C6EA2A91D7D290D00BC1979 /* Products */;
			projectDirPath = "";
			projectRoot = "";
			targets = (
				2C6EA2A71D7D290D00BC1979 /* CapturePopAction */,
			);
		};
/* End PBXProject section */

/* Begin PBXResourcesBuildPhase section */
		2C6EA2A61D7D290D00BC1979 /* Resources */ = {
			isa = PBXResourcesBuildPhase;
			buildActionMask = 2147483647;
			files = (
				2C6EA2B61D7D290E00BC1979 /* LaunchScreen.storyboard in Resources */,
				2C6EA2B31D7D290E00BC1979 /* Assets.xcassets in Resources */,
				2C6EA2B11D7D290E00BC1979 /* Main.storyboard in Resources */,
			);
			runOnlyForDeploymentPostprocessing = 0;
		};
/* End PBXResourcesBuildPhase section */

/* Begin PBXSourcesBuildPhase section */
		2C6EA2A41D7D290D00BC1979 /* Sources */ = {
			isa = PBXSourcesBuildPhase;
			buildActionMask = 2147483647;
			files = (
				2C6EA2AE1D7D290E00BC1979 /* ViewController.swift in Sources */,
				2C6EA2AC1D7D290E00BC1979 /* AppDelegate.swift in Sources */,
			);
			runOnlyForDeploymentPostprocessing = 0;
		};
/* End PBXSourcesBuildPhase section */

/* Begin PBXVariantGroup section */
		2C6EA2AF1D7D290E00BC1979 /* Main.storyboard */ = {
			isa = PBXVariantGroup;
			children = (
				2C6EA2B01D7D290E00BC1979 /* Base */,
			);
			name = Main.storyboard;
			sourceTree = "<group>";
		};
		2C6EA2B41D7D290E00BC1979 /* LaunchScreen.storyboard */ = {
			isa = PBXVariantGroup;
			children = (
				2C6EA2B51D7D290E00BC1979 /* Base */,
			);
			name = LaunchScreen.storyboard;
			sourceTree = "<group>";
		};
/* End PBXVariantGroup section */

/* Begin XCBuildConfiguration section */
		2C6EA2B81D7D290E00BC1979 /* Debug */ = {
			isa = XCBuildConfiguration;
			buildSettings = {
				ALWAYS_SEARCH_USER_PATHS = NO;
				CLANG_ANALYZER_NONNULL = YES;
				CLANG_CXX_LANGUAGE_STANDARD = "gnu++0x";
				CLANG_CXX_LIBRARY = "libc++";
				CLANG_ENABLE_MODULES = YES;
				CLANG_ENABLE_OBJC_ARC = YES;
				CLANG_WARN_BOOL_CONVERSION = YES;
				CLANG_WARN_CONSTANT_CONVERSION = YES;
				CLANG_WARN_DIRECT_OBJC_ISA_USAGE = YES_ERROR;
				CLANG_WARN_EMPTY_BODY = YES;
				CLANG_WARN_ENUM_CONVERSION = YES;
				CLANG_WARN_INT_CONVERSION = YES;
				CLANG_WARN_OBJC_ROOT_CLASS = YES_ERROR;
				CLANG_WARN_UNREACHABLE_CODE = YES;
				CLANG_WARN__DUPLICATE_METHOD_MATCH = YES;
				"CODE_SIGN_IDENTITY[sdk=iphoneos*]" = "iPhone Developer";
				COPY_PHASE_STRIP = NO;
				DEBUG_INFORMATION_FORMAT = dwarf;
				ENABLE_STRICT_OBJC_MSGSEND = YES;
				ENABLE_TESTABILITY = YES;
				GCC_C_LANGUAGE_STANDARD = gnu99;
				GCC_DYNAMIC_NO_PIC = NO;
				GCC_NO_COMMON_BLOCKS = YES;
				GCC_OPTIMIZATION_LEVEL = 0;
				GCC_PREPROCESSOR_DEFINITIONS = (
					"DEBUG=1",
					"$(inherited)",
				);
				GCC_WARN_64_TO_32_BIT_CONVERSION = YES;
				GCC_WARN_ABOUT_RETURN_TYPE = YES_ERROR;
				GCC_WARN_UNDECLARED_SELECTOR = YES;
				GCC_WARN_UNINITIALIZED_AUTOS = YES_AGGRESSIVE;
				GCC_WARN_UNUSED_FUNCTION = YES;
				GCC_WARN_UNUSED_VARIABLE = YES;
				IPHONEOS_DEPLOYMENT_TARGET = 9.3;
				MTL_ENABLE_DEBUG_INFO = YES;
				ONLY_ACTIVE_ARCH = YES;
				SDKROOT = iphoneos;
				SWIFT_OPTIMIZATION_LEVEL = "-Onone";
			};
			name = Debug;
		};
		2C6EA2B91D7D290E00BC1979 /* Release */ = {
			isa = XCBuildConfiguration;
			buildSettings = {
				ALWAYS_SEARCH_USER_PATHS = NO;
				CLANG_ANALYZER_NONNULL = YES;
				CLANG_CXX_LANGUAGE_STANDARD = "gnu++0x";
				CLANG_CXX_LIBRARY = "libc++";
				CLANG_ENABLE_MODULES = YES;
				CLANG_ENABLE_OBJC_ARC = YES;
				CLANG_WARN_BOOL_CONVERSION = YES;
				CLANG_WARN_CONSTANT_CONVERSION = YES;
				CLANG_WARN_DIRECT_OBJC_ISA_USAGE = YES_ERROR;
				CLANG_WARN_EMPTY_BODY = YES;
				CLANG_WARN_ENUM_CONVERSION = YES;
				CLANG_WARN_INT_CONVERSION = YES;
				CLANG_WARN_OBJC_ROOT_CLASS = YES_ERROR;
				CLANG_WARN_UNREACHABLE_CODE = YES;
				CLANG_WARN__DUPLICATE_METHOD_MATCH = YES;
				"CODE_SIGN_IDENTITY[sdk=iphoneos*]" = "iPhone Developer";
				COPY_PHASE_STRIP = NO;
				DEBUG_INFORMATION_FORMAT = "dwarf-with-dsym";
				ENABLE_NS_ASSERTIONS = NO;
				ENABLE_STRICT_OBJC_MSGSEND = YES;
				GCC_C_LANGUAGE_STANDARD = gnu99;
				GCC_NO_COMMON_BLOCKS = YES;
				GCC_WARN_64_TO_32_BIT_CONVERSION = YES;
				GCC_WARN_ABOUT_RETURN_TYPE = YES_ERROR;
				GCC_WARN_UNDECLARED_SELECTOR = YES;
				GCC_WARN_UNINITIALIZED_AUTOS = YES_AGGRESSIVE;
				GCC_WARN_UNUSED_FUNCTION = YES;
				GCC_WARN_UNUSED_VARIABLE = YES;
				IPHONEOS_DEPLOYMENT_TARGET = 9.3;
				MTL_ENABLE_DEBUG_INFO = NO;
				SDKROOT = iphoneos;
				VALIDATE_PRODUCT = YES;
			};
			name = Release;
		};
		2C6EA2BB1D7D290E00BC1979 /* Debug */ = {
			isa = XCBuildConfiguration;
			buildSettings = {
				ASSETCATALOG_COMPILER_APPICON_NAME = AppIcon;
				INFOPLIST_FILE = CapturePopAction/Info.plist;
				LD_RUNPATH_SEARCH_PATHS = "$(inherited) @executable_path/Frameworks";
				PRODUCT_BUNDLE_IDENTIFIER = com.heronlyj.CapturePopAction;
				PRODUCT_NAME = "$(TARGET_NAME)";
			};
			name = Debug;
		};
		2C6EA2BC1D7D290E00BC1979 /* Release */ = {
			isa = XCBuildConfiguration;
			buildSettings = {
				ASSETCATALOG_COMPILER_APPICON_NAME = AppIcon;
				INFOPLIST_FILE = CapturePopAction/Info.plist;
				LD_RUNPATH_SEARCH_PATHS = "$(inherited) @executable_path/Frameworks";
				PRODUCT_BUNDLE_IDENTIFIER = com.heronlyj.CapturePopAction;
				PRODUCT_NAME = "$(TARGET_NAME)";
			};
			name = Release;
		};
/* End XCBuildConfiguration section */

/* Begin XCConfigurationList section */
		2C6EA2A31D7D290D00BC1979 /* Build configuration list for PBXProject "CapturePopAction" */ = {
			isa = XCConfigurationList;
			buildConfigurations = (
				2C6EA2B81D7D290E00BC1979 /* Debug */,
				2C6EA2B91D7D290E00BC1979 /* Release */,
			);
			defaultConfigurationIsVisible = 0;
			defaultConfigurationName = Release;
		};
		2C6EA2BA1D7D290E00BC1979 /* Build configuration list for PBXNativeTarget "CapturePopAction" */ = {
			isa = XCConfigurationList;
			buildConfigurations = (
				2C6EA2BB1D7D290E00BC1979 /* Debug */,
				2C6EA2BC1D7D290E00BC1979 /* Release */,
			);
			defaultConfigurationIsVisible = 0;
		};
/* End XCConfigurationList section */
	};
	rootObject = 2C6EA2A01D7D290D00BC1979 /* Project object */;
}
